
Microsoft Visual Studio Solution File, Format Version 12.00
# Visual Studio Version 17
VisualStudioVersion = 17.0.31903.59
MinimumVisualStudioVersion = 10.0.40219.1
Project("{FAE04EC0-301F-11D3-BF4B-00C04F79EFBC}") = "MindSetCSharp.Console", "MindSetCSharp.Console\MindSetCSharp.Console.csproj", "{D4149EC4-B6AD-42C8-9149-CBC30C219837}"
EndProject
Project("{FAE04EC0-301F-11D3-BF4B-00C04F79EFBC}") = "MindSetCSharp.Core", "MindSetCSharp.Core\MindSetCSharp.Core.csproj", "{716E1C78-F80B-42D6-BEF5-5C212F4F34F9}"
Project("{FAE04EC0-301F-11D3-BF4B-00C04F79EFBC}") = "MindSetCSharp.Application", "MindSetCSharp.Application\MindSetCSharp.Application.csproj", "{8A2E3F5C-1D9E-4B7A-9C3E-2F4B6E8A1D9C}"
EndProject
EndProject
Global
	GlobalSection(SolutionConfigurationPlatforms) = preSolution
		Debug|Any CPU = Debug|Any CPU
		Debug|x64 = Debug|x64
		Debug|x86 = Debug|x86
		Release|Any CPU = Release|Any CPU
		Release|x64 = Release|x64
		Release|x86 = Release|x86
	EndGlobalSection
	GlobalSection(ProjectConfigurationPlatforms) = postSolution
		{D4149EC4-B6AD-42C8-9149-CBC30C219837}.Debug|Any CPU.ActiveCfg = Debug|Any CPU
		{D4149EC4-B6AD-42C8-9149-CBC30C219837}.Debug|Any CPU.Build.0 = Debug|Any CPU
		{D4149EC4-B6AD-42C8-9149-CBC30C219837}.Debug|x64.ActiveCfg = Debug|Any CPU
		{D4149EC4-B6AD-42C8-9149-CBC30C219837}.Debug|x64.Build.0 = Debug|Any CPU
		{D4149EC4-B6AD-42C8-9149-CBC30C219837}.Debug|x86.ActiveCfg = Debug|Any CPU
		{D4149EC4-B6AD-42C8-9149-CBC30C219837}.Debug|x86.Build.0 = Debug|Any CPU
		{D4149EC4-B6AD-42C8-9149-CBC30C219837}.Release|Any CPU.ActiveCfg = Release|Any CPU
		{D4149EC4-B6AD-42C8-9149-CBC30C219837}.Release|Any CPU.Build.0 = Release|Any CPU
		{D4149EC4-B6AD-42C8-9149-CBC30C219837}.Release|x64.ActiveCfg = Release|Any CPU
		{D4149EC4-B6AD-42C8-9149-CBC30C219837}.Release|x64.Build.0 = Release|Any CPU
		{D4149EC4-B6AD-42C8-9149-CBC30C219837}.Release|x86.ActiveCfg = Release|Any CPU
		{D4149EC4-B6AD-42C8-9149-CBC30C219837}.Release|x86.Build.0 = Release|Any CPU
		{716E1C78-F80B-42D6-BEF5-5C212F4F34F9}.Debug|Any CPU.ActiveCfg = Debug|Any CPU
		{716E1C78-F80B-42D6-BEF5-5C212F4F34F9}.Debug|Any CPU.Build.0 = Debug|Any CPU
		{716E1C78-F80B-42D6-BEF5-5C212F4F34F9}.Debug|x64.ActiveCfg = Debug|Any CPU
		{716E1C78-F80B-42D6-BEF5-5C212F4F34F9}.Debug|x64.Build.0 = Debug|Any CPU
		{716E1C78-F80B-42D6-BEF5-5C212F4F34F9}.Debug|x86.ActiveCfg = Debug|Any CPU
		{716E1C78-F80B-42D6-BEF5-5C212F4F34F9}.Debug|x86.Build.0 = Debug|Any CPU
		{716E1C78-F80B-42D6-BEF5-5C212F4F34F9}.Release|Any CPU.ActiveCfg = Release|Any CPU
		{716E1C78-F80B-42D6-BEF5-5C212F4F34F9}.Release|Any CPU.Build.0 = Release|Any CPU
		{716E1C78-F80B-42D6-BEF5-5C212F4F34F9}.Release|x64.ActiveCfg = Release|Any CPU
		{716E1C78-F80B-42D6-BEF5-5C212F4F34F9}.Release|x64.Build.0 = Release|Any CPU
		{716E1C78-F80B-42D6-BEF5-5C212F4F34F9}.Release|x86.ActiveCfg = Release|Any CPU
		{716E1C78-F80B-42D6-BEF5-5C212F4F34F9}.Release|x86.Build.0 = Release|Any CPU
		{8A2E3F5C-1D9E-4B7A-9C3E-2F4B6E8A1D9C}.Debug|Any CPU.ActiveCfg = Debug|Any CPU
		{8A2E3F5C-1D9E-4B7A-9C3E-2F4B6E8A1D9C}.Debug|Any CPU.Build.0 = Debug|Any CPU
		{8A2E3F5C-1D9E-4B7A-9C3E-2F4B6E8A1D9C}.Debug|x64.ActiveCfg = Debug|Any CPU
		{8A2E3F5C-1D9E-4B7A-9C3E-2F4B6E8A1D9C}.Debug|x64.Build.0 = Debug|Any CPU
		{8A2E3F5C-1D9E-4B7A-9C3E-2F4B6E8A1D9C}.Debug|x86.ActiveCfg = Debug|Any CPU
		{8A2E3F5C-1D9E-4B7A-9C3E-2F4B6E8A1D9C}.Debug|x86.Build.0 = Debug|Any CPU
		{8A2E3F5C-1D9E-4B7A-9C3E-2F4B6E8A1D9C}.Release|Any CPU.ActiveCfg = Release|Any CPU
		{8A2E3F5C-1D9E-4B7A-9C3E-2F4B6E8A1D9C}.Release|Any CPU.Build.0 = Release|Any CPU
		{8A2E3F5C-1D9E-4B7A-9C3E-2F4B6E8A1D9C}.Release|x64.ActiveCfg = Release|Any CPU
		{8A2E3F5C-1D9E-4B7A-9C3E-2F4B6E8A1D9C}.Release|x64.Build.0 = Release|Any CPU
		{8A2E3F5C-1D9E-4B7A-9C3E-2F4B6E8A1D9C}.Release|x86.ActiveCfg = Release|Any CPU
		{8A2E3F5C-1D9E-4B7A-9C3E-2F4B6E8A1D9C}.Release|x86.Build.0 = Release|Any CPU
	EndGlobalSection
	GlobalSection(SolutionProperties) = preSolution
		HideSolutionNode = FALSE
	EndGlobalSection
EndGlobal
